<?xml version="1.0" encoding="utf-8"?>
<Project ToolsVersion="4.0" xmlns="http://schemas.microsoft.com/developer/msbuild/2003">
  <ItemGroup>
    <Filter Include="Source Files">
      <UniqueIdentifier>{4FC737F1-C7A5-4376-A066-2A32D752A2FF}</UniqueIdentifier>
      <Extensions>cpp;c;cc;cxx;def;odl;idl;hpj;bat;asm;asmx</Extensions>
    </Filter>
    <Filter Include="Header Files">
      <UniqueIdentifier>{93995380-89BD-4b04-88EB-625FBE52EBFB}</UniqueIdentifier>
      <Extensions>h;hpp;hxx;hm;inl;inc;xsd</Extensions>
    </Filter>
    <Filter Include="Resource Files">
      <UniqueIdentifier>{67DA6AB6-F800-4c08-8B7A-83BB121AAD01}</UniqueIdentifier>
      <Extensions>rc;ico;cur;bmp;dlg;rc2;rct;bin;rgs;gif;jpg;jpeg;jpe;resx;tiff;tif;png;wav;mfcribbon-ms</Extensions>
    </Filter>
    <Filter Include="apply">
      <UniqueIdentifier>{f109574f-1361-454b-b325-44e6bfe2345c}</UniqueIdentifier>
    </Filter>
    <Filter Include="database">
      <UniqueIdentifier>{e3e35608-ad8d-418e-865c-ec5d90a075ee}</UniqueIdentifier>
    </Filter>
    <Filter Include="net">
      <UniqueIdentifier>{7d60c6cd-931e-4a1e-a2f3-d44fa9ef0a27}</UniqueIdentifier>
    </Filter>
    <Filter Include="net\net_client">
      <UniqueIdentifier>{76658221-6b22-4776-91b6-e37389e5d62f}</UniqueIdentifier>
    </Filter>
    <Filter Include="net\net_server">
      <UniqueIdentifier>{97e8dc93-d3b0-49db-853b-b9c30a618c37}</UniqueIdentifier>
    </Filter>
    <Filter Include="sys_frame">
      <UniqueIdentifier>{66ce3cd4-ab20-4a5d-9c65-0549ccb429ff}</UniqueIdentifier>
    </Filter>
    <Filter Include="mid_compute">
      <UniqueIdentifier>{4d3f288c-91aa-4e3f-a2fb-bb3466d3d01d}</UniqueIdentifier>
    </Filter>
    <Filter Include="error_compute">
      <UniqueIdentifier>{910fe32a-e2ba-4674-b907-2f4122ec1792}</UniqueIdentifier>
    </Filter>
    <Filter Include="sys_connc_bank">
      <UniqueIdentifier>{82394c79-378e-488a-be1f-5d2d8ca8f075}</UniqueIdentifier>
    </Filter>
    <Filter Include="research">
      <UniqueIdentifier>{d1065bee-c85e-4dee-b3c5-5838c6263ca8}</UniqueIdentifier>
    </Filter>
    <Filter Include="research\exact">
      <UniqueIdentifier>{92eee625-f3d1-4759-8b68-04b2fce8fb85}</UniqueIdentifier>
    </Filter>
    <Filter Include="research\commit">
      <UniqueIdentifier>{89891b34-a439-4260-97f6-1e0a94a02024}</UniqueIdentifier>
    </Filter>
    <Filter Include="credit_compute">
      <UniqueIdentifier>{0f66ad68-9ff2-42b9-92fb-b4d38968f562}</UniqueIdentifier>
    </Filter>
    <Filter Include="risk_compute">
      <UniqueIdentifier>{eda1acc8-55c2-453e-92d7-0a1d8c10d49f}</UniqueIdentifier>
    </Filter>
    <Filter Include="group">
      <UniqueIdentifier>{208a4729-8b51-4403-b48e-68b1343f50c0}</UniqueIdentifier>
    </Filter>
    <Filter Include="group\group_recommand">
      <UniqueIdentifier>{31acf35f-91f6-4f73-95a1-86b28db60f8a}</UniqueIdentifier>
    </Filter>
    <Filter Include="group\group_setup">
      <UniqueIdentifier>{0cf4c334-51e0-41d4-8f07-50c526072dd3}</UniqueIdentifier>
    </Filter>
    <Filter Include="group\group_query">
      <UniqueIdentifier>{b5c3fd42-c2aa-48b8-b81a-b7477bf81f93}</UniqueIdentifier>
    </Filter>
    <Filter Include="query_info">
      <UniqueIdentifier>{fd0347b6-76ae-4fb1-b415-3abc594161e9}</UniqueIdentifier>
    </Filter>
    <Filter Include="apply\Info">
      <UniqueIdentifier>{409b97da-603e-4754-aacd-6eac85010e2f}</UniqueIdentifier>
    </Filter>
    <Filter Include="apply\apply">
      <UniqueIdentifier>{7de135a7-ce2c-4b43-9bf0-e8637023a658}</UniqueIdentifier>
    </Filter>
    <Filter Include="group\group_add_to_group">
      <UniqueIdentifier>{85ba01d3-6f7c-472e-b679-e05885f8fab1}</UniqueIdentifier>
    </Filter>
    <Filter Include="group\group_start">
      <UniqueIdentifier>{90bc2da2-74e1-419c-a368-9f8e83f1bab3}</UniqueIdentifier>
    </Filter>
    <Filter Include="research\research_info_query">
      <UniqueIdentifier>{c7763b15-e4ab-4378-b795-d982510307c1}</UniqueIdentifier>
    </Filter>
    <Filter Include="Account">
      <UniqueIdentifier>{0288038f-9b16-4e1c-aa99-e15981b783d7}</UniqueIdentifier>
    </Filter>
    <Filter Include="Account\login_regist">
      <UniqueIdentifier>{cab6d3a9-2a6f-4909-96b0-2b904fe46a39}</UniqueIdentifier>
    </Filter>
    <Filter Include="Account\login_regist\login">
      <UniqueIdentifier>{bf35383d-622b-4cdb-9d62-6eac5750dcda}</UniqueIdentifier>
    </Filter>
    <Filter Include="Account\login_regist\reg">
      <UniqueIdentifier>{6063543f-1d6e-4f56-988e-90bbae6deb53}</UniqueIdentifier>
    </Filter>
    <Filter Include="employee">
      <UniqueIdentifier>{17d05b37-fbdd-4584-b778-ec9d9b10ac2e}</UniqueIdentifier>
    </Filter>
    <Filter Include="employee\add">
      <UniqueIdentifier>{d50e77d9-f7ec-411d-b7fa-5b7d06c1ff75}</UniqueIdentifier>
    </Filter>
    <Filter Include="employee\delete">
      <UniqueIdentifier>{c5c18904-623c-49af-a9d8-2fa251a27231}</UniqueIdentifier>
    </Filter>
    <Filter Include="employee\query">
      <UniqueIdentifier>{e087a619-c18a-4e49-8dce-f44579c8d1eb}</UniqueIdentifier>
    </Filter>
    <Filter Include="employee\info">
      <UniqueIdentifier>{5a1f7b4e-c4ff-48f3-bcbd-2f7038a53eef}</UniqueIdentifier>
    </Filter>
  </ItemGroup>
  <ItemGroup>
    <None Include="ReadMe.txt" />
    <None Include="ConnStrs.txt">
      <Filter>database</Filter>
    </None>
    <None Include="ini.txt">
      <Filter>credit_compute</Filter>
    </None>
  </ItemGroup>
  <ItemGroup>
    <ClInclude Include="stdafx.h">
      <Filter>Header Files</Filter>
    </ClInclude>
    <ClInclude Include="targetver.h">
      <Filter>Header Files</Filter>
    </ClInclude>
    <ClInclude Include="sys_login.h">
      <Filter>Account\login_regist\login</Filter>
    </ClInclude>
    <ClInclude Include="database_mgr.h">
      <Filter>database</Filter>
    </ClInclude>
    <ClInclude Include="sys_db_struct.h">
      <Filter>database</Filter>
    </ClInclude>
    <ClInclude Include="treesate_cClient.h">
      <Filter>net\net_client</Filter>
    </ClInclude>
    <ClInclude Include="Grobal_Macro.h">
      <Filter>Header Files</Filter>
    </ClInclude>
    <ClInclude Include="sys_frame.h">
      <Filter>sys_frame</Filter>
    </ClInclude>
    <ClInclude Include="sys_command.h">
      <Filter>mid_compute</Filter>
    </ClInclude>
    <ClInclude Include="sys_error_compute.h">
      <Filter>error_compute</Filter>
    </ClInclude>
    <ClInclude Include="sys_reg.h">
      <Filter>Account\login_regist\reg</Filter>
    </ClInclude>
    <ClInclude Include="sys_connc_banksys_db.h">
      <Filter>sys_connc_bank</Filter>
    </ClInclude>
    <ClInclude Include="sys_bank_query.h">
      <Filter>sys_connc_bank</Filter>
    </ClInclude>
    <ClInclude Include="treesafe_cServer.h">
      <Filter>net\net_server</Filter>
    </ClInclude>
    <ClInclude Include="net.h">
      <Filter>net</Filter>
    </ClInclude>
    <ClInclude Include="sys_research_exact.h">
      <Filter>research\exact</Filter>
    </ClInclude>
    <ClInclude Include="research_commit.h">
      <Filter>research\commit</Filter>
    </ClInclude>
    <ClInclude Include="sys_credit_compute.h">
      <Filter>credit_compute</Filter>
    </ClInclude>
    <ClInclude Include="sys_risk_compute.h">
      <Filter>risk_compute</Filter>
    </ClInclude>
    <ClInclude Include="sys_group_recommand.h">
      <Filter>group\group_recommand</Filter>
    </ClInclude>
    <ClInclude Include="sys_group_setup.h">
      <Filter>group\group_setup</Filter>
    </ClInclude>
    <ClInclude Include="sys_risk_track.h">
      <Filter>risk_compute</Filter>
    </ClInclude>
    <ClInclude Include="sys_admin_add_employee.h">
      <Filter>employee\add</Filter>
    </ClInclude>
    <ClInclude Include="sys_admin_delete_employee.h">
      <Filter>employee\delete</Filter>
    </ClInclude>
    <ClInclude Include="sys_apply_info.h">
      <Filter>apply\Info</Filter>
    </ClInclude>
    <ClInclude Include="sys_apply.h">
      <Filter>apply\apply</Filter>
    </ClInclude>
    <ClInclude Include="sys_group_add_person.h">
      <Filter>group\group_add_to_group</Filter>
    </ClInclude>
    <ClInclude Include="sys_group_start.h">
      <Filter>group\group_start</Filter>
    </ClInclude>
    <ClInclude Include="sys_group_info.h">
      <Filter>group</Filter>
    </ClInclude>
    <ClInclude Include="sys_research_info_query.h">
      <Filter>research\research_info_query</Filter>
    </ClInclude>
    <ClInclude Include="sys_employee_query.h">
      <Filter>employee\query</Filter>
    </ClInclude>
    <ClInclude Include="sys_admin_employee_info.h">
      <Filter>employee\info</Filter>
    </ClInclude>
    <ClInclude Include="query_user_info.h">
      <Filter>query_info</Filter>
    </ClInclude>
  </ItemGroup>
  <ItemGroup>
    <ClCompile Include="stdafx.cpp">
      <Filter>Source Files</Filter>
    </ClCompile>
    <ClCompile Include="treesafe_RMGSys.cpp">
      <Filter>Source Files</Filter>
    </ClCompile>
    <ClCompile Include="sys_login.cpp">
      <Filter>Account\login_regist\login</Filter>
    </ClCompile>
    <ClCompile Include="treesafe_cClient.cpp">
      <Filter>net\net_client</Filter>
    </ClCompile>
    <ClCompile Include="sys_command.cpp">
      <Filter>mid_compute</Filter>
    </ClCompile>
    <ClCompile Include="sys_error_compute.cpp">
      <Filter>error_compute</Filter>
    </ClCompile>
    <ClCompile Include="database_mgr.cpp">
      <Filter>database</Filter>
    </ClCompile>
    <ClCompile Include="sys_bank_query.cpp">
      <Filter>sys_connc_bank</Filter>
    </ClCompile>
    <ClCompile Include="sys_reg.cpp">
      <Filter>Account\login_regist\reg</Filter>
    </ClCompile>
    <ClCompile Include="treesafe_cServer.cpp">
      <Filter>net\net_server</Filter>
    </ClCompile>
    <ClCompile Include="sys_frame.cpp">
      <Filter>sys_frame</Filter>
    </ClCompile>
    <ClCompile Include="sys_research_exact.cpp">
      <Filter>research\exact</Filter>
    </ClCompile>
    <ClCompile Include="research_commit.cpp">
      <Filter>research\commit</Filter>
    </ClCompile>
    <ClCompile Include="sys_credit_compute.cpp">
      <Filter>credit_compute</Filter>
    </ClCompile>
    <ClCompile Include="sys_admin_add_employee.cpp">
      <Filter>employee\add</Filter>
    </ClCompile>
    <ClCompile Include="sys_admin_delete_employee.cpp">
      <Filter>employee\delete</Filter>
    </ClCompile>
    <ClCompile Include="sys_apply_info.cpp">
      <Filter>apply\Info</Filter>
    </ClCompile>
    <ClCompile Include="sys_apply.cpp">
      <Filter>apply\apply</Filter>
    </ClCompile>
    <ClCompile Include="sys_research_info_query.cpp">
      <Filter>research\research_info_query</Filter>
    </ClCompile>
    <ClCompile Include="sys_admin_employee_info.cpp">
      <Filter>employee\info</Filter>
    </ClCompile>
    <ClCompile Include="sys_employee_query.cpp">
      <Filter>employee\query</Filter>
    </ClCompile>
    <ClCompile Include="query_user_info.cpp">
      <Filter>query_info</Filter>
    </ClCompile>
  </ItemGroup>
</Project>