
Microsoft Visual Studio Solution File, Format Version 11.00
# Visual Studio 2010
Project("{FAE04EC0-301F-11D3-BF4B-00C04F79EFBC}") = "treesafe_bank", "treesafe_bank\treesafe_bank.csproj", "{4EB1A347-AAFB-4E28-8501-4EF41BBB8D75}"
EndProject
Global
	GlobalSection(SubversionScc) = preSolution
		Svn-Managed = True
		Manager = AnkhSVN - Subversion Support for Visual Studio
	EndGlobalSection
	GlobalSection(SolutionConfigurationPlatforms) = preSolution
		Debug|Any CPU = Debug|Any CPU
		Release|Any CPU = Release|Any CPU
	EndGlobalSection
	GlobalSection(ProjectConfigurationPlatforms) = postSolution
		{4EB1A347-AAFB-4E28-8501-4EF41BBB8D75}.Debug|Any CPU.ActiveCfg = Debug|Any CPU
		{4EB1A347-AAFB-4E28-8501-4EF41BBB8D75}.Debug|Any CPU.Build.0 = Debug|Any CPU
		{4EB1A347-AAFB-4E28-8501-4EF41BBB8D75}.Release|Any CPU.ActiveCfg = Release|Any CPU
		{4EB1A347-AAFB-4E28-8501-4EF41BBB8D75}.Release|Any CPU.Build.0 = Release|Any CPU
	EndGlobalSection
	GlobalSection(SolutionProperties) = preSolution
		HideSolutionNode = FALSE
	EndGlobalSection
EndGlobal
